
Microsoft Visual Studio Solution File, Format Version 12.00
# Visual Studio Version 17
VisualStudioVersion = 17.10.34928.147
MinimumVisualStudioVersion = 10.0.40219.1
Project("{FAE04EC0-301F-11D3-BF4B-00C04F79EFBC}") = "Practice", "Practice\Practice.csproj", "{3EDDFA47-5AFC-4187-B147-655DBFC3DECA}"
EndProject
Global
	GlobalSection(SolutionConfigurationPlatforms) = preSolution
		Debug|Any CPU = Debug|Any CPU
		Release|Any CPU = Release|Any CPU
	EndGlobalSection
	GlobalSection(ProjectConfigurationPlatforms) = postSolution
		{3EDDFA47-5AFC-4187-B147-655DBFC3DECA}.Debug|Any CPU.ActiveCfg = Debug|Any CPU
		{3EDDFA47-5AFC-4187-B147-655DBFC3DECA}.Debug|Any CPU.Build.0 = Debug|Any CPU
		{3EDDFA47-5AFC-4187-B147-655DBFC3DECA}.Release|Any CPU.ActiveCfg = Release|Any CPU
		{3EDDFA47-5AFC-4187-B147-655DBFC3DECA}.Release|Any CPU.Build.0 = Release|Any CPU
	EndGlobalSection
	GlobalSection(SolutionProperties) = preSolution
		HideSolutionNode = FALSE
	EndGlobalSection
	GlobalSection(ExtensibilityGlobals) = postSolution
		SolutionGuid = {1A8EA692-BDC8-4024-AA69-5C4237BF8AE6}
	EndGlobalSection
EndGlobal
